{
  "name": "c",
  "version": "1.0.0",
  "lockfileVersion": 3,
  "requires": true,
  "packages": {
    "": {
      "name": "c",
      "version": "1.0.0",
      "license": "ISC",
      "dependencies": {
        "mk-helper": "^1.0.0"
      }
    },
    "node_modules/mk-helper": {
      "version": "1.0.0",
      "resolved": "https://registry.npmjs.org/mk-helper/-/mk-helper-1.0.0.tgz",
      "integrity": "sha512-TZmxkmG/dTF8YWn2fJm0wImXYvFGdiv/VD+ZSsA5PtTtx+GcrocBwHNMp8I8XMEsb8IhuG+EEtKxuiMyD3ZKRw==",
      "engines": {
        "node": "20.9.0"
      }
    }
  }
}
